
Microsoft Visual Studio Solution File, Format Version 11.00
# Visual Studio 2010
Project("{F184B08F-C81C-45F6-A57F-5ABD9991F28F}") = "Fake Gcash", "Fake Gcash\Fake Gcash.vbproj", "{A3FB64D6-ED99-4730-BE04-C5D034F65726}"
EndProject
Global
	GlobalSection(SolutionConfigurationPlatforms) = preSolution
		Debug|Any CPU = Debug|Any CPU
		Release|Any CPU = Release|Any CPU
	EndGlobalSection
	GlobalSection(ProjectConfigurationPlatforms) = postSolution
		{A3FB64D6-ED99-4730-BE04-C5D034F65726}.Debug|Any CPU.ActiveCfg = Debug|Any CPU
		{A3FB64D6-ED99-4730-BE04-C5D034F65726}.Debug|Any CPU.Build.0 = Debug|Any CPU
		{A3FB64D6-ED99-4730-BE04-C5D034F65726}.Release|Any CPU.ActiveCfg = Release|Any CPU
		{A3FB64D6-ED99-4730-BE04-C5D034F65726}.Release|Any CPU.Build.0 = Release|Any CPU
	EndGlobalSection
	GlobalSection(SolutionProperties) = preSolution
		HideSolutionNode = FALSE
	EndGlobalSection
EndGlobal
